[[tools.dotnet]]
version = "8.0.414"
backend = "asdf:dotnet"

[[tools."github:pulumi/pulumictl"]]
version = "0.0.50"
backend = "github:pulumi/pulumictl"

[[tools."github:pulumi/schema-tools"]]
version = "0.6.0"
backend = "github:pulumi/schema-tools"

[[tools.go]]
version = "1.24.10"
backend = "core:go"

[[tools.golangci-lint]]
version = "1.64.8"
backend = "aqua:golangci/golangci-lint"

[[tools.gradle]]
version = "7.6.6"
backend = "aqua:gradle/gradle"

[[tools.java]]
version = "corretto-11.0.29.7.1"
backend = "core:java"

[[tools.node]]
version = "20.19.5"
backend = "core:node"

[[tools."npm:yarn"]]
version = "1.22.22"
backend = "npm:yarn"

[[tools.pulumi]]
version = "3.207.0"
backend = "aqua:pulumi/pulumi"

[[tools.python]]
version = "3.11.8"
backend = "core:python"

[[tools."vfox-pulumi:pulumi/pulumi-converter-terraform"]]
version = "1.2.4"
backend = "vfox-pulumi:pulumi/pulumi-converter-terraform"

[[tools."vfox-pulumi:pulumi/pulumi-kubernetes"]]
version = "4.24.0"
backend = "vfox-pulumi:pulumi/pulumi-kubernetes"

[[tools."vfox-pulumi:pulumi/pulumi-std"]]
version = "2.2.0"
backend = "vfox-pulumi:pulumi/pulumi-std"
